// !$*UTF8*$!
{
	archiveVersion = 1;
	classes = {
	};
	objectVersion = 50;
	objects = {

/* Begin PBXBuildFile section */
		201BE6DD1D17AD3CFEDA30EA /* Pods_BreweryFinder.framework in Frameworks */ = {isa = PBXBuildFile; fileRef = D176C84871BDACA55C4D3DEB /* Pods_BreweryFinder.framework */; };
		9F441BFD22FB75A500A96D79 /* SearchViewController.swift in Sources */ = {isa = PBXBuildFile; fileRef = 9F441BFC22FB75A500A96D79 /* SearchViewController.swift */; };
		9F919DC223173708006FC417 /* USStates.swift in Sources */ = {isa = PBXBuildFile; fileRef = 9F919DC123173708006FC417 /* USStates.swift */; };
		9FDD07A422D119590023E911 /* AppDelegate.swift in Sources */ = {isa = PBXBuildFile; fileRef = 9FDD07A322D119590023E911 /* AppDelegate.swift */; };
		9FDD07A622D119590023E911 /* DetailViewController.swift in Sources */ = {isa = PBXBuildFile; fileRef = 9FDD07A522D119590023E911 /* DetailViewController.swift */; };
		9FDD07A922D119590023E911 /* Main.storyboard in Resources */ = {isa = PBXBuildFile; fileRef = 9FDD07A722D119590023E911 /* Main.storyboard */; };
		9FDD07AB22D1195A0023E911 /* Assets.xcassets in Resources */ = {isa = PBXBuildFile; fileRef = 9FDD07AA22D1195A0023E911 /* Assets.xcassets */; };
		9FDD07AE22D1195A0023E911 /* LaunchScreen.storyboard in Resources */ = {isa = PBXBuildFile; fileRef = 9FDD07AC22D1195A0023E911 /* LaunchScreen.storyboard */; };
		9FDD07B822D17FE70023E911 /* BreweryListTableViewController.swift in Sources */ = {isa = PBXBuildFile; fileRef = 9FDD07B722D17FE70023E911 /* BreweryListTableViewController.swift */; };
		9FDD07BA22D535A10023E911 /* ClientCall.swift in Sources */ = {isa = PBXBuildFile; fileRef = 9FDD07B922D535A10023E911 /* ClientCall.swift */; };
/* End PBXBuildFile section */

/* Begin PBXFileReference section */
		0EC117F201EBEB210665707A /* Pods-BreweryFinder.release.xcconfig */ = {isa = PBXFileReference; includeInIndex = 1; lastKnownFileType = text.xcconfig; name = "Pods-BreweryFinder.release.xcconfig"; path = "Target Support Files/Pods-BreweryFinder/Pods-BreweryFinder.release.xcconfig"; sourceTree = "<group>"; };
		92AAE0C3D792053C74C170FB /* Pods-BreweryFinder.debug.xcconfig */ = {isa = PBXFileReference; includeInIndex = 1; lastKnownFileType = text.xcconfig; name = "Pods-BreweryFinder.debug.xcconfig"; path = "Target Support Files/Pods-BreweryFinder/Pods-BreweryFinder.debug.xcconfig"; sourceTree = "<group>"; };
		9F441BFC22FB75A500A96D79 /* SearchViewController.swift */ = {isa = PBXFileReference; lastKnownFileType = sourcecode.swift; path = SearchViewController.swift; sourceTree = "<group>"; };
		9F919DC123173708006FC417 /* USStates.swift */ = {isa = PBXFileReference; lastKnownFileType = sourcecode.swift; path = USStates.swift; sourceTree = "<group>"; };
		9FDD07A022D119590023E911 /* BreweryFinder.app */ = {isa = PBXFileReference; explicitFileType = wrapper.application; includeInIndex = 0; path = BreweryFinder.app; sourceTree = BUILT_PRODUCTS_DIR; };
		9FDD07A322D119590023E911 /* AppDelegate.swift */ = {isa = PBXFileReference; lastKnownFileType = sourcecode.swift; path = AppDelegate.swift; sourceTree = "<group>"; };
		9FDD07A522D119590023E911 /* DetailViewController.swift */ = {isa = PBXFileReference; lastKnownFileType = sourcecode.swift; path = DetailViewController.swift; sourceTree = "<group>"; };
		9FDD07A822D119590023E911 /* Base */ = {isa = PBXFileReference; lastKnownFileType = file.storyboard; name = Base; path = Base.lproj/Main.storyboard; sourceTree = "<group>"; };
		9FDD07AA22D1195A0023E911 /* Assets.xcassets */ = {isa = PBXFileReference; lastKnownFileType = folder.assetcatalog; path = Assets.xcassets; sourceTree = "<group>"; };
		9FDD07AD22D1195A0023E911 /* Base */ = {isa = PBXFileReference; lastKnownFileType = file.storyboard; name = Base; path = Base.lproj/LaunchScreen.storyboard; sourceTree = "<group>"; };
		9FDD07AF22D1195A0023E911 /* Info.plist */ = {isa = PBXFileReference; lastKnownFileType = text.plist.xml; path = Info.plist; sourceTree = "<group>"; };
		9FDD07B722D17FE70023E911 /* BreweryListTableViewController.swift */ = {isa = PBXFileReference; lastKnownFileType = sourcecode.swift; path = BreweryListTableViewController.swift; sourceTree = "<group>"; };
		9FDD07B922D535A10023E911 /* ClientCall.swift */ = {isa = PBXFileReference; lastKnownFileType = sourcecode.swift; path = ClientCall.swift; sourceTree = "<group>"; };
		D176C84871BDACA55C4D3DEB /* Pods_BreweryFinder.framework */ = {isa = PBXFileReference; explicitFileType = wrapper.framework; includeInIndex = 0; path = Pods_BreweryFinder.framework; sourceTree = BUILT_PRODUCTS_DIR; };
/* End PBXFileReference section */

/* Begin PBXFrameworksBuildPhase section */
		9FDD079D22D119590023E911 /* Frameworks */ = {
			isa = PBXFrameworksBuildPhase;
			buildActionMask = 2147483647;
			files = (
				201BE6DD1D17AD3CFEDA30EA /* Pods_BreweryFinder.framework in Frameworks */,
			);
			runOnlyForDeploymentPostprocessing = 0;
		};
/* End PBXFrameworksBuildPhase section */

/* Begin PBXGroup section */
		65A0D28572CEF92CF3733BCA /* Pods */ = {
			isa = PBXGroup;
			children = (
				92AAE0C3D792053C74C170FB /* Pods-BreweryFinder.debug.xcconfig */,
				0EC117F201EBEB210665707A /* Pods-BreweryFinder.release.xcconfig */,
			);
			path = Pods;
			sourceTree = "<group>";
		};
		9FDD079722D119590023E911 = {
			isa = PBXGroup;
			children = (
				9FDD07A222D119590023E911 /* BreweryFinder */,
				9FDD07A122D119590023E911 /* Products */,
				65A0D28572CEF92CF3733BCA /* Pods */,
				F5E4A3839D9835F055A7269F /* Frameworks */,
			);
			sourceTree = "<group>";
		};
		9FDD07A122D119590023E911 /* Products */ = {
			isa = PBXGroup;
			children = (
				9FDD07A022D119590023E911 /* BreweryFinder.app */,
			);
			name = Products;
			sourceTree = "<group>";
		};
		9FDD07A222D119590023E911 /* BreweryFinder */ = {
			isa = PBXGroup;
			children = (
				9FDD07A322D119590023E911 /* AppDelegate.swift */,
				9FDD07BB22D535AC0023E911 /* Modal */,
				9FDD07B522D1196F0023E911 /* Contoller */,
				9FDD07B622D119810023E911 /* View */,
				9FDD07AA22D1195A0023E911 /* Assets.xcassets */,
				9FDD07AF22D1195A0023E911 /* Info.plist */,
			);
			path = BreweryFinder;
			sourceTree = "<group>";
		};
		9FDD07B522D1196F0023E911 /* Contoller */ = {
			isa = PBXGroup;
			children = (
				9FDD07B722D17FE70023E911 /* BreweryListTableViewController.swift */,
				9FDD07A522D119590023E911 /* DetailViewController.swift */,
				9F441BFC22FB75A500A96D79 /* SearchViewController.swift */,
			);
			path = Contoller;
			sourceTree = "<group>";
		};
		9FDD07B622D119810023E911 /* View */ = {
			isa = PBXGroup;
			children = (
				9FDD07A722D119590023E911 /* Main.storyboard */,
				9FDD07AC22D1195A0023E911 /* LaunchScreen.storyboard */,
			);
			path = View;
			sourceTree = "<group>";
		};
		9FDD07BB22D535AC0023E911 /* Modal */ = {
			isa = PBXGroup;
			children = (
				9FDD07B922D535A10023E911 /* ClientCall.swift */,
				9F919DC123173708006FC417 /* USStates.swift */,
			);
			path = Modal;
			sourceTree = "<group>";
		};
		F5E4A3839D9835F055A7269F /* Frameworks */ = {
			isa = PBXGroup;
			children = (
				D176C84871BDACA55C4D3DEB /* Pods_BreweryFinder.framework */,
			);
			name = Frameworks;
			sourceTree = "<group>";
		};
/* End PBXGroup section */

/* Begin PBXNativeTarget section */
		9FDD079F22D119590023E911 /* BreweryFinder */ = {
			isa = PBXNativeTarget;
			buildConfigurationList = 9FDD07B222D1195A0023E911 /* Build configuration list for PBXNativeTarget "BreweryFinder" */;
			buildPhases = (
				55897AF25CAD93C24104193F /* [CP] Check Pods Manifest.lock */,
				9FDD079C22D119590023E911 /* Sources */,
				9FDD079D22D119590023E911 /* Frameworks */,
				9FDD079E22D119590023E911 /* Resources */,
				2A1F3BFDF82FC7E58EC53D41 /* [CP] Embed Pods Frameworks */,
			);
			buildRules = (
			);
			dependencies = (
			);
			name = BreweryFinder;
			productName = BreweryFinder;
			productReference = 9FDD07A022D119590023E911 /* BreweryFinder.app */;
			productType = "com.apple.product-type.application";
		};
/* End PBXNativeTarget section */

/* Begin PBXProject section */
		9FDD079822D119590023E911 /* Project object */ = {
			isa = PBXProject;
			attributes = {
				LastSwiftUpdateCheck = 1020;
				LastUpgradeCheck = 1020;
				ORGANIZATIONNAME = "Thomas Prezioso";
				TargetAttributes = {
					9FDD079F22D119590023E911 = {
						CreatedOnToolsVersion = 10.2.1;
					};
				};
			};
			buildConfigurationList = 9FDD079B22D119590023E911 /* Build configuration list for PBXProject "BreweryFinder" */;
			compatibilityVersion = "Xcode 9.3";
			developmentRegion = en;
			hasScannedForEncodings = 0;
			knownRegions = (
				en,
				Base,
			);
			mainGroup = 9FDD079722D119590023E911;
			productRefGroup = 9FDD07A122D119590023E911 /* Products */;
			projectDirPath = "";
			projectRoot = "";
			targets = (
				9FDD079F22D119590023E911 /* BreweryFinder */,
			);
		};
/* End PBXProject section */

/* Begin PBXResourcesBuildPhase section */
		9FDD079E22D119590023E911 /* Resources */ = {
			isa = PBXResourcesBuildPhase;
			buildActionMask = 2147483647;
			files = (
				9FDD07AE22D1195A0023E911 /* LaunchScreen.storyboard in Resources */,
				9FDD07AB22D1195A0023E911 /* Assets.xcassets in Resources */,
				9FDD07A922D119590023E911 /* Main.storyboard in Resources */,
			);
			runOnlyForDeploymentPostprocessing = 0;
		};
/* End PBXResourcesBuildPhase section */

/* Begin PBXShellScriptBuildPhase section */
		2A1F3BFDF82FC7E58EC53D41 /* [CP] Embed Pods Frameworks */ = {
			isa = PBXShellScriptBuildPhase;
			buildActionMask = 2147483647;
			files = (
			);
			inputFileListPaths = (
			);
			inputPaths = (
				"${PODS_ROOT}/Target Support Files/Pods-BreweryFinder/Pods-BreweryFinder-frameworks.sh",
				"${BUILT_PRODUCTS_DIR}/Alamofire/Alamofire.framework",
				"${BUILT_PRODUCTS_DIR}/SwiftyJSON/SwiftyJSON.framework",
			);
			name = "[CP] Embed Pods Frameworks";
			outputFileListPaths = (
			);
			outputPaths = (
				"${TARGET_BUILD_DIR}/${FRAMEWORKS_FOLDER_PATH}/Alamofire.framework",
				"${TARGET_BUILD_DIR}/${FRAMEWORKS_FOLDER_PATH}/SwiftyJSON.framework",
			);
			runOnlyForDeploymentPostprocessing = 0;
			shellPath = /bin/sh;
			shellScript = "\"${PODS_ROOT}/Target Support Files/Pods-BreweryFinder/Pods-BreweryFinder-frameworks.sh\"\n";
			showEnvVarsInLog = 0;
		};
		55897AF25CAD93C24104193F /* [CP] Check Pods Manifest.lock */ = {
			isa = PBXShellScriptBuildPhase;
			buildActionMask = 2147483647;
			files = (
			);
			inputFileListPaths = (
			);
			inputPaths = (
				"${PODS_PODFILE_DIR_PATH}/Podfile.lock",
				"${PODS_ROOT}/Manifest.lock",
			);
			name = "[CP] Check Pods Manifest.lock";
			outputFileListPaths = (
			);
			outputPaths = (
				"$(DERIVED_FILE_DIR)/Pods-BreweryFinder-checkManifestLockResult.txt",
			);
			runOnlyForDeploymentPostprocessing = 0;
			shellPath = /bin/sh;
			shellScript = "diff \"${PODS_PODFILE_DIR_PATH}/Podfile.lock\" \"${PODS_ROOT}/Manifest.lock\" > /dev/null\nif [ $? != 0 ] ; then\n    # print error to STDERR\n    echo \"error: The sandbox is not in sync with the Podfile.lock. Run 'pod install' or update your CocoaPods installation.\" >&2\n    exit 1\nfi\n# This output is used by Xcode 'outputs' to avoid re-running this script phase.\necho \"SUCCESS\" > \"${SCRIPT_OUTPUT_FILE_0}\"\n";
			showEnvVarsInLog = 0;
		};
/* End PBXShellScriptBuildPhase section */

/* Begin PBXSourcesBuildPhase section */
		9FDD079C22D119590023E911 /* Sources */ = {
			isa = PBXSourcesBuildPhase;
			buildActionMask = 2147483647;
			files = (
				9F441BFD22FB75A500A96D79 /* SearchViewController.swift in Sources */,
				9F919DC223173708006FC417 /* USStates.swift in Sources */,
				9FDD07A622D119590023E911 /* DetailViewController.swift in Sources */,
				9FDD07A422D119590023E911 /* AppDelegate.swift in Sources */,
				9FDD07BA22D535A10023E911 /* ClientCall.swift in Sources */,
				9FDD07B822D17FE70023E911 /* BreweryListTableViewController.swift in Sources */,
			);
			runOnlyForDeploymentPostprocessing = 0;
		};
/* End PBXSourcesBuildPhase section */

/* Begin PBXVariantGroup section */
		9FDD07A722D119590023E911 /* Main.storyboard */ = {
			isa = PBXVariantGroup;
			children = (
				9FDD07A822D119590023E911 /* Base */,
			);
			name = Main.storyboard;
			sourceTree = "<group>";
		};
		9FDD07AC22D1195A0023E911 /* LaunchScreen.storyboard */ = {
			isa = PBXVariantGroup;
			children = (
				9FDD07AD22D1195A0023E911 /* Base */,
			);
			name = LaunchScreen.storyboard;
			sourceTree = "<group>";
		};
/* End PBXVariantGroup section */

/* Begin XCBuildConfiguration section */
		9FDD07B022D1195A0023E911 /* Debug */ = {
			isa = XCBuildConfiguration;
			buildSettings = {
				ALWAYS_SEARCH_USER_PATHS = NO;
				CLANG_ANALYZER_NONNULL = YES;
				CLANG_ANALYZER_NUMBER_OBJECT_CONVERSION = YES_AGGRESSIVE;
				CLANG_CXX_LANGUAGE_STANDARD = "gnu++14";
				CLANG_CXX_LIBRARY = "libc++";
				CLANG_ENABLE_MODULES = YES;
				CLANG_ENABLE_OBJC_ARC = YES;
				CLANG_ENABLE_OBJC_WEAK = YES;
				CLANG_WARN_BLOCK_CAPTURE_AUTORELEASING = YES;
				CLANG_WARN_BOOL_CONVERSION = YES;
				CLANG_WARN_COMMA = YES;
				CLANG_WARN_CONSTANT_CONVERSION = YES;
				CLANG_WARN_DEPRECATED_OBJC_IMPLEMENTATIONS = YES;
				CLANG_WARN_DIRECT_OBJC_ISA_USAGE = YES_ERROR;
				CLANG_WARN_DOCUMENTATION_COMMENTS = YES;
				CLANG_WARN_EMPTY_BODY = YES;
				CLANG_WARN_ENUM_CONVERSION = YES;
				CLANG_WARN_INFINITE_RECURSION = YES;
				CLANG_WARN_INT_CONVERSION = YES;
				CLANG_WARN_NON_LITERAL_NULL_CONVERSION = YES;
				CLANG_WARN_OBJC_IMPLICIT_RETAIN_SELF = YES;
				CLANG_WARN_OBJC_LITERAL_CONVERSION = YES;
				CLANG_WARN_OBJC_ROOT_CLASS = YES_ERROR;
				CLANG_WARN_RANGE_LOOP_ANALYSIS = YES;
				CLANG_WARN_STRICT_PROTOTYPES = YES;
				CLANG_WARN_SUSPICIOUS_MOVE = YES;
				CLANG_WARN_UNGUARDED_AVAILABILITY = YES_AGGRESSIVE;
				CLANG_WARN_UNREACHABLE_CODE = YES;
				CLANG_WARN__DUPLICATE_METHOD_MATCH = YES;
				CODE_SIGN_IDENTITY = "iPhone Developer";
				COPY_PHASE_STRIP = NO;
				DEBUG_INFORMATION_FORMAT = dwarf;
				ENABLE_STRICT_OBJC_MSGSEND = YES;
				ENABLE_TESTABILITY = YES;
				GCC_C_LANGUAGE_STANDARD = gnu11;
				GCC_DYNAMIC_NO_PIC = NO;
				GCC_NO_COMMON_BLOCKS = YES;
				GCC_OPTIMIZATION_LEVEL = 0;
				GCC_PREPROCESSOR_DEFINITIONS = (
					"DEBUG=1",
					"$(inherited)",
				);
				GCC_WARN_64_TO_32_BIT_CONVERSION = YES;
				GCC_WARN_ABOUT_RETURN_TYPE = YES_ERROR;
				GCC_WARN_UNDECLARED_SELECTOR = YES;
				GCC_WARN_UNINITIALIZED_AUTOS = YES_AGGRESSIVE;
				GCC_WARN_UNUSED_FUNCTION = YES;
				GCC_WARN_UNUSED_VARIABLE = YES;
				IPHONEOS_DEPLOYMENT_TARGET = 12.2;
				MTL_ENABLE_DEBUG_INFO = INCLUDE_SOURCE;
				MTL_FAST_MATH = YES;
				ONLY_ACTIVE_ARCH = YES;
				SDKROOT = iphoneos;
				SWIFT_ACTIVE_COMPILATION_CONDITIONS = DEBUG;
				SWIFT_OPTIMIZATION_LEVEL = "-Onone";
			};
			name = Debug;
		};
		9FDD07B122D1195A0023E911 /* Release */ = {
			isa = XCBuildConfiguration;
			buildSettings = {
				ALWAYS_SEARCH_USER_PATHS = NO;
				CLANG_ANALYZER_NONNULL = YES;
				CLANG_ANALYZER_NUMBER_OBJECT_CONVERSION = YES_AGGRESSIVE;
				CLANG_CXX_LANGUAGE_STANDARD = "gnu++14";
				CLANG_CXX_LIBRARY = "libc++";
				CLANG_ENABLE_MODULES = YES;
				CLANG_ENABLE_OBJC_ARC = YES;
				CLANG_ENABLE_OBJC_WEAK = YES;
				CLANG_WARN_BLOCK_CAPTURE_AUTORELEASING = YES;
				CLANG_WARN_BOOL_CONVERSION = YES;
				CLANG_WARN_COMMA = YES;
				CLANG_WARN_CONSTANT_CONVERSION = YES;
				CLANG_WARN_DEPRECATED_OBJC_IMPLEMENTATIONS = YES;
				CLANG_WARN_DIRECT_OBJC_ISA_USAGE = YES_ERROR;
				CLANG_WARN_DOCUMENTATION_COMMENTS = YES;
				CLANG_WARN_EMPTY_BODY = YES;
				CLANG_WARN_ENUM_CONVERSION = YES;
				CLANG_WARN_INFINITE_RECURSION = YES;
				CLANG_WARN_INT_CONVERSION = YES;
				CLANG_WARN_NON_LITERAL_NULL_CONVERSION = YES;
				CLANG_WARN_OBJC_IMPLICIT_RETAIN_SELF = YES;
				CLANG_WARN_OBJC_LITERAL_CONVERSION = YES;
				CLANG_WARN_OBJC_ROOT_CLASS = YES_ERROR;
				CLANG_WARN_RANGE_LOOP_ANALYSIS = YES;
				CLANG_WARN_STRICT_PROTOTYPES = YES;
				CLANG_WARN_SUSPICIOUS_MOVE = YES;
				CLANG_WARN_UNGUARDED_AVAILABILITY = YES_AGGRESSIVE;
				CLANG_WARN_UNREACHABLE_CODE = YES;
				CLANG_WARN__DUPLICATE_METHOD_MATCH = YES;
				CODE_SIGN_IDENTITY = "iPhone Developer";
				COPY_PHASE_STRIP = NO;
				DEBUG_INFORMATION_FORMAT = "dwarf-with-dsym";
				ENABLE_NS_ASSERTIONS = NO;
				ENABLE_STRICT_OBJC_MSGSEND = YES;
				GCC_C_LANGUAGE_STANDARD = gnu11;
				GCC_NO_COMMON_BLOCKS = YES;
				GCC_WARN_64_TO_32_BIT_CONVERSION = YES;
				GCC_WARN_ABOUT_RETURN_TYPE = YES_ERROR;
				GCC_WARN_UNDECLARED_SELECTOR = YES;
				GCC_WARN_UNINITIALIZED_AUTOS = YES_AGGRESSIVE;
				GCC_WARN_UNUSED_FUNCTION = YES;
				GCC_WARN_UNUSED_VARIABLE = YES;
				IPHONEOS_DEPLOYMENT_TARGET = 12.2;
				MTL_ENABLE_DEBUG_INFO = NO;
				MTL_FAST_MATH = YES;
				SDKROOT = iphoneos;
				SWIFT_COMPILATION_MODE = wholemodule;
				SWIFT_OPTIMIZATION_LEVEL = "-O";
				VALIDATE_PRODUCT = YES;
			};
			name = Release;
		};
		9FDD07B322D1195A0023E911 /* Debug */ = {
			isa = XCBuildConfiguration;
			baseConfigurationReference = 92AAE0C3D792053C74C170FB /* Pods-BreweryFinder.debug.xcconfig */;
			buildSettings = {
				ASSETCATALOG_COMPILER_APPICON_NAME = AppIcon;
				CODE_SIGN_STYLE = Automatic;
				DEVELOPMENT_TEAM = 6JBM5ZNF6C;
				INFOPLIST_FILE = BreweryFinder/Info.plist;
				LD_RUNPATH_SEARCH_PATHS = (
					"$(inherited)",
					"@executable_path/Frameworks",
				);
				PRODUCT_BUNDLE_IDENTIFIER = io.tom.BreweryFinder;
				PRODUCT_NAME = "$(TARGET_NAME)";
				SWIFT_VERSION = 5.0;
				TARGETED_DEVICE_FAMILY = "1,2";
			};
			name = Debug;
		};
		9FDD07B422D1195A0023E911 /* Release */ = {
			isa = XCBuildConfiguration;
			baseConfigurationReference = 0EC117F201EBEB210665707A /* Pods-BreweryFinder.release.xcconfig */;
			buildSettings = {
				ASSETCATALOG_COMPILER_APPICON_NAME = AppIcon;
				CODE_SIGN_STYLE = Automatic;
				DEVELOPMENT_TEAM = 6JBM5ZNF6C;
				INFOPLIST_FILE = BreweryFinder/Info.plist;
				LD_RUNPATH_SEARCH_PATHS = (
					"$(inherited)",
					"@executable_path/Frameworks",
				);
				PRODUCT_BUNDLE_IDENTIFIER = io.tom.BreweryFinder;
				PRODUCT_NAME = "$(TARGET_NAME)";
				SWIFT_VERSION = 5.0;
				TARGETED_DEVICE_FAMILY = "1,2";
			};
			name = Release;
		};
/* End XCBuildConfiguration section */

/* Begin XCConfigurationList section */
		9FDD079B22D119590023E911 /* Build configuration list for PBXProject "BreweryFinder" */ = {
			isa = XCConfigurationList;
			buildConfigurations = (
				9FDD07B022D1195A0023E911 /* Debug */,
				9FDD07B122D1195A0023E911 /* Release */,
			);
			defaultConfigurationIsVisible = 0;
			defaultConfigurationName = Release;
		};
		9FDD07B222D1195A0023E911 /* Build configuration list for PBXNativeTarget "BreweryFinder" */ = {
			isa = XCConfigurationList;
			buildConfigurations = (
				9FDD07B322D1195A0023E911 /* Debug */,
				9FDD07B422D1195A0023E911 /* Release */,
			);
			defaultConfigurationIsVisible = 0;
			defaultConfigurationName = Release;
		};
/* End XCConfigurationList section */
	};
	rootObject = 9FDD079822D119590023E911 /* Project object */;
}
